
Microsoft Visual Studio Solution File, Format Version 12.00
# Visual Studio Version 17
VisualStudioVersion = 17.10.34928.147
MinimumVisualStudioVersion = 10.0.40219.1
Project("{FAE04EC0-301F-11D3-BF4B-00C04F79EFBC}") = "Stealer", "Stealer\Stealer.csproj", "{4DC3F2EB-E5E5-440F-ACE8-BE89143A7159}"
EndProject
Project("{FAE04EC0-301F-11D3-BF4B-00C04F79EFBC}") = "High-QualityMistakes", "High-QualityMistakes\High-QualityMistakes.csproj", "{8870F3E2-237A-4764-9228-28FB3DAF7100}"
EndProject
Project("{FAE04EC0-301F-11D3-BF4B-00C04F79EFBC}") = "MissionPrivateImpossible", "MissionPrivateImpossible\MissionPrivateImpossible.csproj", "{8884D366-942B-4F66-B95F-3C7621799E25}"
EndProject
Global
	GlobalSection(SolutionConfigurationPlatforms) = preSolution
		Debug|Any CPU = Debug|Any CPU
		Release|Any CPU = Release|Any CPU
	EndGlobalSection
	GlobalSection(ProjectConfigurationPlatforms) = postSolution
		{4DC3F2EB-E5E5-440F-ACE8-BE89143A7159}.Debug|Any CPU.ActiveCfg = Debug|Any CPU
		{4DC3F2EB-E5E5-440F-ACE8-BE89143A7159}.Debug|Any CPU.Build.0 = Debug|Any CPU
		{4DC3F2EB-E5E5-440F-ACE8-BE89143A7159}.Release|Any CPU.ActiveCfg = Release|Any CPU
		{4DC3F2EB-E5E5-440F-ACE8-BE89143A7159}.Release|Any CPU.Build.0 = Release|Any CPU
		{8870F3E2-237A-4764-9228-28FB3DAF7100}.Debug|Any CPU.ActiveCfg = Debug|Any CPU
		{8870F3E2-237A-4764-9228-28FB3DAF7100}.Debug|Any CPU.Build.0 = Debug|Any CPU
		{8870F3E2-237A-4764-9228-28FB3DAF7100}.Release|Any CPU.ActiveCfg = Release|Any CPU
		{8870F3E2-237A-4764-9228-28FB3DAF7100}.Release|Any CPU.Build.0 = Release|Any CPU
		{8884D366-942B-4F66-B95F-3C7621799E25}.Debug|Any CPU.ActiveCfg = Debug|Any CPU
		{8884D366-942B-4F66-B95F-3C7621799E25}.Debug|Any CPU.Build.0 = Debug|Any CPU
		{8884D366-942B-4F66-B95F-3C7621799E25}.Release|Any CPU.ActiveCfg = Release|Any CPU
		{8884D366-942B-4F66-B95F-3C7621799E25}.Release|Any CPU.Build.0 = Release|Any CPU
	EndGlobalSection
	GlobalSection(SolutionProperties) = preSolution
		HideSolutionNode = FALSE
	EndGlobalSection
	GlobalSection(ExtensibilityGlobals) = postSolution
		SolutionGuid = {22489A9F-DD76-4C6B-857E-270F04DD4B01}
	EndGlobalSection
EndGlobal
