
Microsoft Visual Studio Solution File, Format Version 12.00
# Visual Studio Version 17
VisualStudioVersion = 17.10.34928.147
MinimumVisualStudioVersion = 10.0.40219.1
Project("{9A19103F-16F7-4668-BE54-9A1E7A4F7556}") = "Stealer", "Stealer\Stealer.csproj", "{4DC3F2EB-E5E5-440F-ACE8-BE89143A7159}"
EndProject
Project("{9A19103F-16F7-4668-BE54-9A1E7A4F7556}") = "High-QualityMistakes", "High-QualityMistakes\High-QualityMistakes.csproj", "{8870F3E2-237A-4764-9228-28FB3DAF7100}"
EndProject
Project("{9A19103F-16F7-4668-BE54-9A1E7A4F7556}") = "MissionPrivateImpossible", "MissionPrivateImpossible\MissionPrivateImpossible.csproj", "{8884D366-942B-4F66-B95F-3C7621799E25}"
EndProject
Project("{FAE04EC0-301F-11D3-BF4B-00C04F79EFBC}") = "Collector", "Collector\Collector.csproj", "{5BA02781-9E23-4EA0-951B-465F1D79E8B0}"
EndProject
Project("{FAE04EC0-301F-11D3-BF4B-00C04F79EFBC}") = "CreateAttribute", "CreateAttribute\CreateAttribute.csproj", "{9741284D-71D8-4C9C-9F0F-617FE2AC0D98}"
EndProject
Project("{FAE04EC0-301F-11D3-BF4B-00C04F79EFBC}") = "CodeTracker", "CodeTracker\CodeTracker.csproj", "{6D3848FF-2C20-4CB2-9673-2D33491A7EF0}"
EndProject
Global
	GlobalSection(SolutionConfigurationPlatforms) = preSolution
		Debug|Any CPU = Debug|Any CPU
		Release|Any CPU = Release|Any CPU
	EndGlobalSection
	GlobalSection(ProjectConfigurationPlatforms) = postSolution
		{4DC3F2EB-E5E5-440F-ACE8-BE89143A7159}.Debug|Any CPU.ActiveCfg = Debug|Any CPU
		{4DC3F2EB-E5E5-440F-ACE8-BE89143A7159}.Debug|Any CPU.Build.0 = Debug|Any CPU
		{4DC3F2EB-E5E5-440F-ACE8-BE89143A7159}.Release|Any CPU.ActiveCfg = Release|Any CPU
		{4DC3F2EB-E5E5-440F-ACE8-BE89143A7159}.Release|Any CPU.Build.0 = Release|Any CPU
		{8870F3E2-237A-4764-9228-28FB3DAF7100}.Debug|Any CPU.ActiveCfg = Debug|Any CPU
		{8870F3E2-237A-4764-9228-28FB3DAF7100}.Debug|Any CPU.Build.0 = Debug|Any CPU
		{8870F3E2-237A-4764-9228-28FB3DAF7100}.Release|Any CPU.ActiveCfg = Release|Any CPU
		{8870F3E2-237A-4764-9228-28FB3DAF7100}.Release|Any CPU.Build.0 = Release|Any CPU
		{8884D366-942B-4F66-B95F-3C7621799E25}.Debug|Any CPU.ActiveCfg = Debug|Any CPU
		{8884D366-942B-4F66-B95F-3C7621799E25}.Debug|Any CPU.Build.0 = Debug|Any CPU
		{8884D366-942B-4F66-B95F-3C7621799E25}.Release|Any CPU.ActiveCfg = Release|Any CPU
		{8884D366-942B-4F66-B95F-3C7621799E25}.Release|Any CPU.Build.0 = Release|Any CPU
		{5BA02781-9E23-4EA0-951B-465F1D79E8B0}.Debug|Any CPU.ActiveCfg = Debug|Any CPU
		{5BA02781-9E23-4EA0-951B-465F1D79E8B0}.Debug|Any CPU.Build.0 = Debug|Any CPU
		{5BA02781-9E23-4EA0-951B-465F1D79E8B0}.Release|Any CPU.ActiveCfg = Release|Any CPU
		{5BA02781-9E23-4EA0-951B-465F1D79E8B0}.Release|Any CPU.Build.0 = Release|Any CPU
		{9741284D-71D8-4C9C-9F0F-617FE2AC0D98}.Debug|Any CPU.ActiveCfg = Debug|Any CPU
		{9741284D-71D8-4C9C-9F0F-617FE2AC0D98}.Debug|Any CPU.Build.0 = Debug|Any CPU
		{9741284D-71D8-4C9C-9F0F-617FE2AC0D98}.Release|Any CPU.ActiveCfg = Release|Any CPU
		{9741284D-71D8-4C9C-9F0F-617FE2AC0D98}.Release|Any CPU.Build.0 = Release|Any CPU
		{6D3848FF-2C20-4CB2-9673-2D33491A7EF0}.Debug|Any CPU.ActiveCfg = Debug|Any CPU
		{6D3848FF-2C20-4CB2-9673-2D33491A7EF0}.Debug|Any CPU.Build.0 = Debug|Any CPU
		{6D3848FF-2C20-4CB2-9673-2D33491A7EF0}.Release|Any CPU.ActiveCfg = Release|Any CPU
		{6D3848FF-2C20-4CB2-9673-2D33491A7EF0}.Release|Any CPU.Build.0 = Release|Any CPU
	EndGlobalSection
	GlobalSection(SolutionProperties) = preSolution
		HideSolutionNode = FALSE
	EndGlobalSection
	GlobalSection(ExtensibilityGlobals) = postSolution
		SolutionGuid = {22489A9F-DD76-4C6B-857E-270F04DD4B01}
	EndGlobalSection
EndGlobal
