
Microsoft Visual Studio Solution File, Format Version 12.00
# Visual Studio Version 17
VisualStudioVersion = 17.10.34928.147
MinimumVisualStudioVersion = 10.0.40219.1
Project("{FAE04EC0-301F-11D3-BF4B-00C04F79EFBC}") = "SingleInheritance", "SingleInheritance\SingleInheritance.csproj", "{77BFAE9D-322B-47FB-B706-D614D6DA31A5}"
EndProject
Project("{FAE04EC0-301F-11D3-BF4B-00C04F79EFBC}") = "MultipleInheritance", "MultipleInheritance\MultipleInheritance.csproj", "{C66FBB43-6DD1-4C7C-8269-322CA07DFC40}"
EndProject
Project("{FAE04EC0-301F-11D3-BF4B-00C04F79EFBC}") = "HierarchicalInheritance", "HierarchicalInheritance\HierarchicalInheritance.csproj", "{7F8B726B-3104-46CD-94A5-9D2DFBDEBE7F}"
EndProject
Project("{FAE04EC0-301F-11D3-BF4B-00C04F79EFBC}") = "RandomList", "RandomList\RandomList.csproj", "{1AC46288-A157-49A2-A625-8AEB43726198}"
EndProject
Project("{FAE04EC0-301F-11D3-BF4B-00C04F79EFBC}") = "StackOfStrings", "StackOfStrings\StackOfStrings.csproj", "{8327D72A-01E6-4D5B-B8E3-516F70E75C9A}"
EndProject
Global
	GlobalSection(SolutionConfigurationPlatforms) = preSolution
		Debug|Any CPU = Debug|Any CPU
		Release|Any CPU = Release|Any CPU
	EndGlobalSection
	GlobalSection(ProjectConfigurationPlatforms) = postSolution
		{77BFAE9D-322B-47FB-B706-D614D6DA31A5}.Debug|Any CPU.ActiveCfg = Debug|Any CPU
		{77BFAE9D-322B-47FB-B706-D614D6DA31A5}.Debug|Any CPU.Build.0 = Debug|Any CPU
		{77BFAE9D-322B-47FB-B706-D614D6DA31A5}.Release|Any CPU.ActiveCfg = Release|Any CPU
		{77BFAE9D-322B-47FB-B706-D614D6DA31A5}.Release|Any CPU.Build.0 = Release|Any CPU
		{C66FBB43-6DD1-4C7C-8269-322CA07DFC40}.Debug|Any CPU.ActiveCfg = Debug|Any CPU
		{C66FBB43-6DD1-4C7C-8269-322CA07DFC40}.Debug|Any CPU.Build.0 = Debug|Any CPU
		{C66FBB43-6DD1-4C7C-8269-322CA07DFC40}.Release|Any CPU.ActiveCfg = Release|Any CPU
		{C66FBB43-6DD1-4C7C-8269-322CA07DFC40}.Release|Any CPU.Build.0 = Release|Any CPU
		{7F8B726B-3104-46CD-94A5-9D2DFBDEBE7F}.Debug|Any CPU.ActiveCfg = Debug|Any CPU
		{7F8B726B-3104-46CD-94A5-9D2DFBDEBE7F}.Debug|Any CPU.Build.0 = Debug|Any CPU
		{7F8B726B-3104-46CD-94A5-9D2DFBDEBE7F}.Release|Any CPU.ActiveCfg = Release|Any CPU
		{7F8B726B-3104-46CD-94A5-9D2DFBDEBE7F}.Release|Any CPU.Build.0 = Release|Any CPU
		{1AC46288-A157-49A2-A625-8AEB43726198}.Debug|Any CPU.ActiveCfg = Debug|Any CPU
		{1AC46288-A157-49A2-A625-8AEB43726198}.Debug|Any CPU.Build.0 = Debug|Any CPU
		{1AC46288-A157-49A2-A625-8AEB43726198}.Release|Any CPU.ActiveCfg = Release|Any CPU
		{1AC46288-A157-49A2-A625-8AEB43726198}.Release|Any CPU.Build.0 = Release|Any CPU
		{8327D72A-01E6-4D5B-B8E3-516F70E75C9A}.Debug|Any CPU.ActiveCfg = Debug|Any CPU
		{8327D72A-01E6-4D5B-B8E3-516F70E75C9A}.Debug|Any CPU.Build.0 = Debug|Any CPU
		{8327D72A-01E6-4D5B-B8E3-516F70E75C9A}.Release|Any CPU.ActiveCfg = Release|Any CPU
		{8327D72A-01E6-4D5B-B8E3-516F70E75C9A}.Release|Any CPU.Build.0 = Release|Any CPU
	EndGlobalSection
	GlobalSection(SolutionProperties) = preSolution
		HideSolutionNode = FALSE
	EndGlobalSection
	GlobalSection(ExtensibilityGlobals) = postSolution
		SolutionGuid = {715B8EF1-5C28-4CCA-858C-30D952C6B623}
	EndGlobalSection
EndGlobal
