
Microsoft Visual Studio Solution File, Format Version 12.00
# Visual Studio Version 17
VisualStudioVersion = 17.10.34928.147
MinimumVisualStudioVersion = 10.0.40219.1
Project("{FAE04EC0-301F-11D3-BF4B-00C04F79EFBC}") = "ClassBoxData", "ClassBoxData\ClassBoxData.csproj", "{3C2190F7-3FA9-4D07-B7CE-DF0D71305607}"
EndProject
Project("{FAE04EC0-301F-11D3-BF4B-00C04F79EFBC}") = "AnimalFarm", "AnimalFarm\AnimalFarm.csproj", "{73559660-FBF6-4A7C-86CF-8C77D76254F7}"
EndProject
Project("{FAE04EC0-301F-11D3-BF4B-00C04F79EFBC}") = "ShoppingSpree", "ShoppingSpree\ShoppingSpree.csproj", "{C1BEEAA2-568A-4974-896F-D79B28CE09A8}"
EndProject
Project("{FAE04EC0-301F-11D3-BF4B-00C04F79EFBC}") = "PizzaCalories", "PizzaCalories\PizzaCalories.csproj", "{3516B252-D367-443F-911A-241E10A60B4D}"
EndProject
Global
	GlobalSection(SolutionConfigurationPlatforms) = preSolution
		Debug|Any CPU = Debug|Any CPU
		Release|Any CPU = Release|Any CPU
	EndGlobalSection
	GlobalSection(ProjectConfigurationPlatforms) = postSolution
		{3C2190F7-3FA9-4D07-B7CE-DF0D71305607}.Debug|Any CPU.ActiveCfg = Debug|Any CPU
		{3C2190F7-3FA9-4D07-B7CE-DF0D71305607}.Debug|Any CPU.Build.0 = Debug|Any CPU
		{3C2190F7-3FA9-4D07-B7CE-DF0D71305607}.Release|Any CPU.ActiveCfg = Release|Any CPU
		{3C2190F7-3FA9-4D07-B7CE-DF0D71305607}.Release|Any CPU.Build.0 = Release|Any CPU
		{73559660-FBF6-4A7C-86CF-8C77D76254F7}.Debug|Any CPU.ActiveCfg = Debug|Any CPU
		{73559660-FBF6-4A7C-86CF-8C77D76254F7}.Debug|Any CPU.Build.0 = Debug|Any CPU
		{73559660-FBF6-4A7C-86CF-8C77D76254F7}.Release|Any CPU.ActiveCfg = Release|Any CPU
		{73559660-FBF6-4A7C-86CF-8C77D76254F7}.Release|Any CPU.Build.0 = Release|Any CPU
		{C1BEEAA2-568A-4974-896F-D79B28CE09A8}.Debug|Any CPU.ActiveCfg = Debug|Any CPU
		{C1BEEAA2-568A-4974-896F-D79B28CE09A8}.Debug|Any CPU.Build.0 = Debug|Any CPU
		{C1BEEAA2-568A-4974-896F-D79B28CE09A8}.Release|Any CPU.ActiveCfg = Release|Any CPU
		{C1BEEAA2-568A-4974-896F-D79B28CE09A8}.Release|Any CPU.Build.0 = Release|Any CPU
		{3516B252-D367-443F-911A-241E10A60B4D}.Debug|Any CPU.ActiveCfg = Debug|Any CPU
		{3516B252-D367-443F-911A-241E10A60B4D}.Debug|Any CPU.Build.0 = Debug|Any CPU
		{3516B252-D367-443F-911A-241E10A60B4D}.Release|Any CPU.ActiveCfg = Release|Any CPU
		{3516B252-D367-443F-911A-241E10A60B4D}.Release|Any CPU.Build.0 = Release|Any CPU
	EndGlobalSection
	GlobalSection(SolutionProperties) = preSolution
		HideSolutionNode = FALSE
	EndGlobalSection
	GlobalSection(ExtensibilityGlobals) = postSolution
		SolutionGuid = {5CDCAFCE-D488-4623-91C4-FCB2C6211F6C}
	EndGlobalSection
EndGlobal
