
Microsoft Visual Studio Solution File, Format Version 12.00
# Visual Studio Version 17
VisualStudioVersion = 17.10.34928.147
MinimumVisualStudioVersion = 10.0.40219.1
Project("{FAE04EC0-301F-11D3-BF4B-00C04F79EFBC}") = "SquareRoot", "SquareRoot\SquareRoot.csproj", "{057E93C7-8B96-48DB-BB67-237BE2402625}"
EndProject
Project("{FAE04EC0-301F-11D3-BF4B-00C04F79EFBC}") = "EnterNumbers", "EnterNumbers\EnterNumbers.csproj", "{DC8AA64E-A524-49AE-871D-54F8AE2AE5F7}"
EndProject
Project("{FAE04EC0-301F-11D3-BF4B-00C04F79EFBC}") = "Cards", "Cards\Cards.csproj", "{6D418E3E-18AE-4D34-ABD1-BE4590EE6C94}"
EndProject
Project("{FAE04EC0-301F-11D3-BF4B-00C04F79EFBC}") = "SumOfIntegers", "SumOfIntegers\SumOfIntegers.csproj", "{4EF78F51-C230-456A-AC79-C10512885EA0}"
EndProject
Project("{FAE04EC0-301F-11D3-BF4B-00C04F79EFBC}") = "PlayCatch", "PlayCatch\PlayCatch.csproj", "{EED75A2C-387F-4AE5-A3E4-554E37614759}"
EndProject
Project("{FAE04EC0-301F-11D3-BF4B-00C04F79EFBC}") = "MoneyTransactions", "MoneyTransactions\MoneyTransactions.csproj", "{560ADC35-F363-4B3D-98AC-7723133A8C55}"
EndProject
Global
	GlobalSection(SolutionConfigurationPlatforms) = preSolution
		Debug|Any CPU = Debug|Any CPU
		Release|Any CPU = Release|Any CPU
	EndGlobalSection
	GlobalSection(ProjectConfigurationPlatforms) = postSolution
		{057E93C7-8B96-48DB-BB67-237BE2402625}.Debug|Any CPU.ActiveCfg = Debug|Any CPU
		{057E93C7-8B96-48DB-BB67-237BE2402625}.Debug|Any CPU.Build.0 = Debug|Any CPU
		{057E93C7-8B96-48DB-BB67-237BE2402625}.Release|Any CPU.ActiveCfg = Release|Any CPU
		{057E93C7-8B96-48DB-BB67-237BE2402625}.Release|Any CPU.Build.0 = Release|Any CPU
		{DC8AA64E-A524-49AE-871D-54F8AE2AE5F7}.Debug|Any CPU.ActiveCfg = Debug|Any CPU
		{DC8AA64E-A524-49AE-871D-54F8AE2AE5F7}.Debug|Any CPU.Build.0 = Debug|Any CPU
		{DC8AA64E-A524-49AE-871D-54F8AE2AE5F7}.Release|Any CPU.ActiveCfg = Release|Any CPU
		{DC8AA64E-A524-49AE-871D-54F8AE2AE5F7}.Release|Any CPU.Build.0 = Release|Any CPU
		{6D418E3E-18AE-4D34-ABD1-BE4590EE6C94}.Debug|Any CPU.ActiveCfg = Debug|Any CPU
		{6D418E3E-18AE-4D34-ABD1-BE4590EE6C94}.Debug|Any CPU.Build.0 = Debug|Any CPU
		{6D418E3E-18AE-4D34-ABD1-BE4590EE6C94}.Release|Any CPU.ActiveCfg = Release|Any CPU
		{6D418E3E-18AE-4D34-ABD1-BE4590EE6C94}.Release|Any CPU.Build.0 = Release|Any CPU
		{4EF78F51-C230-456A-AC79-C10512885EA0}.Debug|Any CPU.ActiveCfg = Debug|Any CPU
		{4EF78F51-C230-456A-AC79-C10512885EA0}.Debug|Any CPU.Build.0 = Debug|Any CPU
		{4EF78F51-C230-456A-AC79-C10512885EA0}.Release|Any CPU.ActiveCfg = Release|Any CPU
		{4EF78F51-C230-456A-AC79-C10512885EA0}.Release|Any CPU.Build.0 = Release|Any CPU
		{EED75A2C-387F-4AE5-A3E4-554E37614759}.Debug|Any CPU.ActiveCfg = Debug|Any CPU
		{EED75A2C-387F-4AE5-A3E4-554E37614759}.Debug|Any CPU.Build.0 = Debug|Any CPU
		{EED75A2C-387F-4AE5-A3E4-554E37614759}.Release|Any CPU.ActiveCfg = Release|Any CPU
		{EED75A2C-387F-4AE5-A3E4-554E37614759}.Release|Any CPU.Build.0 = Release|Any CPU
		{560ADC35-F363-4B3D-98AC-7723133A8C55}.Debug|Any CPU.ActiveCfg = Debug|Any CPU
		{560ADC35-F363-4B3D-98AC-7723133A8C55}.Debug|Any CPU.Build.0 = Debug|Any CPU
		{560ADC35-F363-4B3D-98AC-7723133A8C55}.Release|Any CPU.ActiveCfg = Release|Any CPU
		{560ADC35-F363-4B3D-98AC-7723133A8C55}.Release|Any CPU.Build.0 = Release|Any CPU
	EndGlobalSection
	GlobalSection(SolutionProperties) = preSolution
		HideSolutionNode = FALSE
	EndGlobalSection
	GlobalSection(ExtensibilityGlobals) = postSolution
		SolutionGuid = {C9EDF872-D959-4463-8FE9-F3A5FCF5FFA0}
	EndGlobalSection
EndGlobal
