
Microsoft Visual Studio Solution File, Format Version 12.00
# Visual Studio Version 17
VisualStudioVersion = 17.10.35122.118
MinimumVisualStudioVersion = 10.0.40219.1
Project("{9A19103F-16F7-4668-BE54-9A1E7A4F7556}") = "UniversityCompetition", "UniversityCompetition.csproj", "{629B9C7E-0D62-4DC1-85FE-47A158AB2B9B}"
EndProject
Global
	GlobalSection(SolutionConfigurationPlatforms) = preSolution
		Debug|Any CPU = Debug|Any CPU
		Release|Any CPU = Release|Any CPU
	EndGlobalSection
	GlobalSection(ProjectConfigurationPlatforms) = postSolution
		{629B9C7E-0D62-4DC1-85FE-47A158AB2B9B}.Debug|Any CPU.ActiveCfg = Debug|Any CPU
		{629B9C7E-0D62-4DC1-85FE-47A158AB2B9B}.Debug|Any CPU.Build.0 = Debug|Any CPU
		{629B9C7E-0D62-4DC1-85FE-47A158AB2B9B}.Release|Any CPU.ActiveCfg = Release|Any CPU
		{629B9C7E-0D62-4DC1-85FE-47A158AB2B9B}.Release|Any CPU.Build.0 = Release|Any CPU
	EndGlobalSection
	GlobalSection(SolutionProperties) = preSolution
		HideSolutionNode = FALSE
	EndGlobalSection
	GlobalSection(ExtensibilityGlobals) = postSolution
		SolutionGuid = {C4B2DC99-12EA-443F-8D9F-96F0617CE353}
	EndGlobalSection
EndGlobal
