
Microsoft Visual Studio Solution File, Format Version 12.00
# Visual Studio Version 17
VisualStudioVersion = 17.10.35122.118
MinimumVisualStudioVersion = 10.0.40219.1
Project("{9A19103F-16F7-4668-BE54-9A1E7A4F7556}") = "NavalVessels", "NavalVessels.csproj", "{04242B8D-E95E-4DEE-BD40-0BC0E278B73C}"
EndProject
Global
	GlobalSection(SolutionConfigurationPlatforms) = preSolution
		Debug|Any CPU = Debug|Any CPU
		Release|Any CPU = Release|Any CPU
	EndGlobalSection
	GlobalSection(ProjectConfigurationPlatforms) = postSolution
		{04242B8D-E95E-4DEE-BD40-0BC0E278B73C}.Debug|Any CPU.ActiveCfg = Debug|Any CPU
		{04242B8D-E95E-4DEE-BD40-0BC0E278B73C}.Debug|Any CPU.Build.0 = Debug|Any CPU
		{04242B8D-E95E-4DEE-BD40-0BC0E278B73C}.Release|Any CPU.ActiveCfg = Release|Any CPU
		{04242B8D-E95E-4DEE-BD40-0BC0E278B73C}.Release|Any CPU.Build.0 = Release|Any CPU
	EndGlobalSection
	GlobalSection(SolutionProperties) = preSolution
		HideSolutionNode = FALSE
	EndGlobalSection
	GlobalSection(ExtensibilityGlobals) = postSolution
		SolutionGuid = {C40DFE15-9DB3-4C10-9A9C-FFB0E505B21A}
	EndGlobalSection
EndGlobal
